
Microsoft Visual Studio Solution File, Format Version 12.00
# Visual Studio Version 17
VisualStudioVersion = 17.4.33213.308
MinimumVisualStudioVersion = 10.0.40219.1
Project("{FAE04EC0-301F-11D3-BF4B-00C04F79EFBC}") = "ConsoleApp22", "ConsoleApp22\ConsoleApp22.csproj", "{68D749A4-C4D4-4B0C-BAC5-11421E99902F}"
EndProject
Global
	GlobalSection(SolutionConfigurationPlatforms) = preSolution
		Debug|Any CPU = Debug|Any CPU
		Release|Any CPU = Release|Any CPU
	EndGlobalSection
	GlobalSection(ProjectConfigurationPlatforms) = postSolution
		{68D749A4-C4D4-4B0C-BAC5-11421E99902F}.Debug|Any CPU.ActiveCfg = Debug|Any CPU
		{68D749A4-C4D4-4B0C-BAC5-11421E99902F}.Debug|Any CPU.Build.0 = Debug|Any CPU
		{68D749A4-C4D4-4B0C-BAC5-11421E99902F}.Release|Any CPU.ActiveCfg = Release|Any CPU
		{68D749A4-C4D4-4B0C-BAC5-11421E99902F}.Release|Any CPU.Build.0 = Release|Any CPU
	EndGlobalSection
	GlobalSection(SolutionProperties) = preSolution
		HideSolutionNode = FALSE
	EndGlobalSection
	GlobalSection(ExtensibilityGlobals) = postSolution
		SolutionGuid = {E3C89CBA-9B13-4A6B-82FE-ED946D88071E}
	EndGlobalSection
EndGlobal
